
Microsoft Visual Studio Solution File, Format Version 12.00
# Visual Studio Version 17
VisualStudioVersion = 17.3.32929.385
MinimumVisualStudioVersion = 10.0.40219.1
Project("{9A19103F-16F7-4668-BE54-9A1E7A4F7556}") = "NeosCSInteractive.SmartPad", "NeosCSInteractive.SmartPad\NeosCSInteractive.SmartPad.csproj", "{88CDB99E-1CEE-48AA-8807-0599C2978A54}"
EndProject
Project("{9A19103F-16F7-4668-BE54-9A1E7A4F7556}") = "NeosCSInteractive", "NeosCSInteractive\NeosCSInteractive.csproj", "{A56AC971-711F-4BD4-92F3-16D73909ABD8}"
EndProject
Project("{9A19103F-16F7-4668-BE54-9A1E7A4F7556}") = "NeosCSInteractive.Shared", "NeosCSInteractive.Shared\NeosCSInteractive.Shared.csproj", "{17E81FFE-1317-44A4-9359-781E5A55B1F8}"
EndProject
Global
	GlobalSection(SolutionConfigurationPlatforms) = preSolution
		Debug|Any CPU = Debug|Any CPU
		Release|Any CPU = Release|Any CPU
	EndGlobalSection
	GlobalSection(ProjectConfigurationPlatforms) = postSolution
		{88CDB99E-1CEE-48AA-8807-0599C2978A54}.Debug|Any CPU.ActiveCfg = Debug|Any CPU
		{88CDB99E-1CEE-48AA-8807-0599C2978A54}.Debug|Any CPU.Build.0 = Debug|Any CPU
		{88CDB99E-1CEE-48AA-8807-0599C2978A54}.Release|Any CPU.ActiveCfg = Release|Any CPU
		{88CDB99E-1CEE-48AA-8807-0599C2978A54}.Release|Any CPU.Build.0 = Release|Any CPU
		{A56AC971-711F-4BD4-92F3-16D73909ABD8}.Debug|Any CPU.ActiveCfg = Debug|Any CPU
		{A56AC971-711F-4BD4-92F3-16D73909ABD8}.Debug|Any CPU.Build.0 = Debug|Any CPU
		{A56AC971-711F-4BD4-92F3-16D73909ABD8}.Release|Any CPU.ActiveCfg = Release|Any CPU
		{A56AC971-711F-4BD4-92F3-16D73909ABD8}.Release|Any CPU.Build.0 = Release|Any CPU
		{17E81FFE-1317-44A4-9359-781E5A55B1F8}.Debug|Any CPU.ActiveCfg = Debug|Any CPU
		{17E81FFE-1317-44A4-9359-781E5A55B1F8}.Debug|Any CPU.Build.0 = Debug|Any CPU
		{17E81FFE-1317-44A4-9359-781E5A55B1F8}.Release|Any CPU.ActiveCfg = Release|Any CPU
		{17E81FFE-1317-44A4-9359-781E5A55B1F8}.Release|Any CPU.Build.0 = Release|Any CPU
	EndGlobalSection
	GlobalSection(SolutionProperties) = preSolution
		HideSolutionNode = FALSE
	EndGlobalSection
	GlobalSection(ExtensibilityGlobals) = postSolution
		SolutionGuid = {4C0196EC-A859-46DA-9AF8-ABA421C14094}
	EndGlobalSection
EndGlobal
